// !$*UTF8*$!
{
	archiveVersion = 1;
	classes = {
	};
	objectVersion = 46;
	objects = {

/* Begin PBXBuildFile section */
		EB1934551B993B3500FAD126 /* UIColor-Hex-Swift-master in Resources */ = {isa = PBXBuildFile; fileRef = EB1934541B993B3500FAD126 /* UIColor-Hex-Swift-master */; };
		EB1934571B993B9800FAD126 /* UIColorExtension.swift in Sources */ = {isa = PBXBuildFile; fileRef = EB1934561B993B9800FAD126 /* UIColorExtension.swift */; };
		EB3F4F101B99265A00C5880B /* LineLayer.swift in Sources */ = {isa = PBXBuildFile; fileRef = EB3F4F0F1B99265A00C5880B /* LineLayer.swift */; };
		EB4258A91B97EC5000AABAB9 /* AppDelegate.swift in Sources */ = {isa = PBXBuildFile; fileRef = EB4258A81B97EC5000AABAB9 /* AppDelegate.swift */; };
		EB4258AB1B97EC5000AABAB9 /* ViewController.swift in Sources */ = {isa = PBXBuildFile; fileRef = EB4258AA1B97EC5000AABAB9 /* ViewController.swift */; };
		EB4258AE1B97EC5000AABAB9 /* Main.storyboard in Resources */ = {isa = PBXBuildFile; fileRef = EB4258AC1B97EC5000AABAB9 /* Main.storyboard */; };
		EB4258B01B97EC5000AABAB9 /* Assets.xcassets in Resources */ = {isa = PBXBuildFile; fileRef = EB4258AF1B97EC5000AABAB9 /* Assets.xcassets */; };
		EB4258BD1B97EC6B00AABAB9 /* SparkView.swift in Sources */ = {isa = PBXBuildFile; fileRef = EB4258BB1B97EC6B00AABAB9 /* SparkView.swift */; };
/* End PBXBuildFile section */

/* Begin PBXFileReference section */
		EB1934541B993B3500FAD126 /* UIColor-Hex-Swift-master */ = {isa = PBXFileReference; lastKnownFileType = folder; name = "UIColor-Hex-Swift-master"; path = "../../../Downloads/UIColor-Hex-Swift-master"; sourceTree = "<group>"; };
		EB1934561B993B9800FAD126 /* UIColorExtension.swift */ = {isa = PBXFileReference; fileEncoding = 4; lastKnownFileType = sourcecode.swift; name = UIColorExtension.swift; path = "../../../Downloads/UIColor-Hex-Swift-master/UIColorExtension.swift"; sourceTree = "<group>"; };
		EB3F4F0F1B99265A00C5880B /* LineLayer.swift */ = {isa = PBXFileReference; fileEncoding = 4; lastKnownFileType = sourcecode.swift; name = LineLayer.swift; path = ../../../Downloads/LineLayer.swift; sourceTree = "<group>"; };
		EB4258A51B97EC5000AABAB9 /* SparkView.app */ = {isa = PBXFileReference; explicitFileType = wrapper.application; includeInIndex = 0; path = SparkView.app; sourceTree = BUILT_PRODUCTS_DIR; };
		EB4258A81B97EC5000AABAB9 /* AppDelegate.swift */ = {isa = PBXFileReference; lastKnownFileType = sourcecode.swift; path = AppDelegate.swift; sourceTree = "<group>"; };
		EB4258AA1B97EC5000AABAB9 /* ViewController.swift */ = {isa = PBXFileReference; lastKnownFileType = sourcecode.swift; path = ViewController.swift; sourceTree = "<group>"; };
		EB4258AD1B97EC5000AABAB9 /* Base */ = {isa = PBXFileReference; lastKnownFileType = file.storyboard; name = Base; path = Base.lproj/Main.storyboard; sourceTree = "<group>"; };
		EB4258AF1B97EC5000AABAB9 /* Assets.xcassets */ = {isa = PBXFileReference; lastKnownFileType = folder.assetcatalog; path = Assets.xcassets; sourceTree = "<group>"; };
		EB4258B41B97EC5000AABAB9 /* Info.plist */ = {isa = PBXFileReference; lastKnownFileType = text.plist.xml; path = Info.plist; sourceTree = "<group>"; };
		EB4258BB1B97EC6B00AABAB9 /* SparkView.swift */ = {isa = PBXFileReference; fileEncoding = 4; lastKnownFileType = sourcecode.swift; name = SparkView.swift; path = ../../../Downloads/SparkView.swift; sourceTree = "<group>"; };
/* End PBXFileReference section */

/* Begin PBXFrameworksBuildPhase section */
		EB4258A21B97EC5000AABAB9 /* Frameworks */ = {
			isa = PBXFrameworksBuildPhase;
			buildActionMask = 2147483647;
			files = (
			);
			runOnlyForDeploymentPostprocessing = 0;
		};
/* End PBXFrameworksBuildPhase section */

/* Begin PBXGroup section */
		EB42589C1B97EC5000AABAB9 = {
			isa = PBXGroup;
			children = (
				EB4258A71B97EC5000AABAB9 /* SparkView */,
				EB4258A61B97EC5000AABAB9 /* Products */,
			);
			sourceTree = "<group>";
		};
		EB4258A61B97EC5000AABAB9 /* Products */ = {
			isa = PBXGroup;
			children = (
				EB4258A51B97EC5000AABAB9 /* SparkView.app */,
			);
			name = Products;
			sourceTree = "<group>";
		};
		EB4258A71B97EC5000AABAB9 /* SparkView */ = {
			isa = PBXGroup;
			children = (
				EB1934561B993B9800FAD126 /* UIColorExtension.swift */,
				EB1934541B993B3500FAD126 /* UIColor-Hex-Swift-master */,
				EB3F4F0F1B99265A00C5880B /* LineLayer.swift */,
				EB4258BB1B97EC6B00AABAB9 /* SparkView.swift */,
				EB4258A81B97EC5000AABAB9 /* AppDelegate.swift */,
				EB4258AA1B97EC5000AABAB9 /* ViewController.swift */,
				EB4258AC1B97EC5000AABAB9 /* Main.storyboard */,
				EB4258AF1B97EC5000AABAB9 /* Assets.xcassets */,
				EB4258B41B97EC5000AABAB9 /* Info.plist */,
			);
			path = SparkView;
			sourceTree = "<group>";
		};
/* End PBXGroup section */

/* Begin PBXNativeTarget section */
		EB4258A41B97EC5000AABAB9 /* SparkView */ = {
			isa = PBXNativeTarget;
			buildConfigurationList = EB4258B71B97EC5000AABAB9 /* Build configuration list for PBXNativeTarget "SparkView" */;
			buildPhases = (
				EB4258A11B97EC5000AABAB9 /* Sources */,
				EB4258A21B97EC5000AABAB9 /* Frameworks */,
				EB4258A31B97EC5000AABAB9 /* Resources */,
			);
			buildRules = (
			);
			dependencies = (
			);
			name = SparkView;
			productName = SparkView;
			productReference = EB4258A51B97EC5000AABAB9 /* SparkView.app */;
			productType = "com.apple.product-type.application";
		};
/* End PBXNativeTarget section */

/* Begin PBXProject section */
		EB42589D1B97EC5000AABAB9 /* Project object */ = {
			isa = PBXProject;
			attributes = {
				LastUpgradeCheck = 0700;
				ORGANIZATIONNAME = "Josh Coleman";
				TargetAttributes = {
					EB4258A41B97EC5000AABAB9 = {
						CreatedOnToolsVersion = 7.0;
						DevelopmentTeam = P77NVT7PU9;
					};
				};
			};
			buildConfigurationList = EB4258A01B97EC5000AABAB9 /* Build configuration list for PBXProject "SparkView" */;
			compatibilityVersion = "Xcode 3.2";
			developmentRegion = English;
			hasScannedForEncodings = 0;
			knownRegions = (
				en,
				Base,
			);
			mainGroup = EB42589C1B97EC5000AABAB9;
			productRefGroup = EB4258A61B97EC5000AABAB9 /* Products */;
			projectDirPath = "";
			projectRoot = "";
			targets = (
				EB4258A41B97EC5000AABAB9 /* SparkView */,
			);
		};
/* End PBXProject section */

/* Begin PBXResourcesBuildPhase section */
		EB4258A31B97EC5000AABAB9 /* Resources */ = {
			isa = PBXResourcesBuildPhase;
			buildActionMask = 2147483647;
			files = (
				EB1934551B993B3500FAD126 /* UIColor-Hex-Swift-master in Resources */,
				EB4258B01B97EC5000AABAB9 /* Assets.xcassets in Resources */,
				EB4258AE1B97EC5000AABAB9 /* Main.storyboard in Resources */,
			);
			runOnlyForDeploymentPostprocessing = 0;
		};
/* End PBXResourcesBuildPhase section */

/* Begin PBXSourcesBuildPhase section */
		EB4258A11B97EC5000AABAB9 /* Sources */ = {
			isa = PBXSourcesBuildPhase;
			buildActionMask = 2147483647;
			files = (
				EB3F4F101B99265A00C5880B /* LineLayer.swift in Sources */,
				EB4258AB1B97EC5000AABAB9 /* ViewController.swift in Sources */,
				EB1934571B993B9800FAD126 /* UIColorExtension.swift in Sources */,
				EB4258A91B97EC5000AABAB9 /* AppDelegate.swift in Sources */,
				EB4258BD1B97EC6B00AABAB9 /* SparkView.swift in Sources */,
			);
			runOnlyForDeploymentPostprocessing = 0;
		};
/* End PBXSourcesBuildPhase section */

/* Begin PBXVariantGroup section */
		EB4258AC1B97EC5000AABAB9 /* Main.storyboard */ = {
			isa = PBXVariantGroup;
			children = (
				EB4258AD1B97EC5000AABAB9 /* Base */,
			);
			name = Main.storyboard;
			sourceTree = "<group>";
		};
/* End PBXVariantGroup section */

/* Begin XCBuildConfiguration section */
		EB4258B51B97EC5000AABAB9 /* Debug */ = {
			isa = XCBuildConfiguration;
			buildSettings = {
				ALWAYS_SEARCH_USER_PATHS = NO;
				CLANG_CXX_LANGUAGE_STANDARD = "gnu++0x";
				CLANG_CXX_LIBRARY = "libc++";
				CLANG_ENABLE_MODULES = YES;
				CLANG_ENABLE_OBJC_ARC = YES;
				CLANG_WARN_BOOL_CONVERSION = YES;
				CLANG_WARN_CONSTANT_CONVERSION = YES;
				CLANG_WARN_DIRECT_OBJC_ISA_USAGE = YES_ERROR;
				CLANG_WARN_EMPTY_BODY = YES;
				CLANG_WARN_ENUM_CONVERSION = YES;
				CLANG_WARN_INT_CONVERSION = YES;
				CLANG_WARN_OBJC_ROOT_CLASS = YES_ERROR;
				CLANG_WARN_UNREACHABLE_CODE = YES;
				CLANG_WARN__DUPLICATE_METHOD_MATCH = YES;
				"CODE_SIGN_IDENTITY[sdk=iphoneos*]" = "iPhone Developer";
				COPY_PHASE_STRIP = NO;
				DEBUG_INFORMATION_FORMAT = dwarf;
				ENABLE_STRICT_OBJC_MSGSEND = YES;
				ENABLE_TESTABILITY = YES;
				GCC_C_LANGUAGE_STANDARD = gnu99;
				GCC_DYNAMIC_NO_PIC = NO;
				GCC_NO_COMMON_BLOCKS = YES;
				GCC_OPTIMIZATION_LEVEL = 0;
				GCC_PREPROCESSOR_DEFINITIONS = (
					"DEBUG=1",
					"$(inherited)",
				);
				GCC_WARN_64_TO_32_BIT_CONVERSION = YES;
				GCC_WARN_ABOUT_RETURN_TYPE = YES_ERROR;
				GCC_WARN_UNDECLARED_SELECTOR = YES;
				GCC_WARN_UNINITIALIZED_AUTOS = YES_AGGRESSIVE;
				GCC_WARN_UNUSED_FUNCTION = YES;
				GCC_WARN_UNUSED_VARIABLE = YES;
				IPHONEOS_DEPLOYMENT_TARGET = 8.4;
				MTL_ENABLE_DEBUG_INFO = YES;
				ONLY_ACTIVE_ARCH = YES;
				SDKROOT = iphoneos;
				SWIFT_OPTIMIZATION_LEVEL = "-Onone";
			};
			name = Debug;
		};
		EB4258B61B97EC5000AABAB9 /* Release */ = {
			isa = XCBuildConfiguration;
			buildSettings = {
				ALWAYS_SEARCH_USER_PATHS = NO;
				CLANG_CXX_LANGUAGE_STANDARD = "gnu++0x";
				CLANG_CXX_LIBRARY = "libc++";
				CLANG_ENABLE_MODULES = YES;
				CLANG_ENABLE_OBJC_ARC = YES;
				CLANG_WARN_BOOL_CONVERSION = YES;
				CLANG_WARN_CONSTANT_CONVERSION = YES;
				CLANG_WARN_DIRECT_OBJC_ISA_USAGE = YES_ERROR;
				CLANG_WARN_EMPTY_BODY = YES;
				CLANG_WARN_ENUM_CONVERSION = YES;
				CLANG_WARN_INT_CONVERSION = YES;
				CLANG_WARN_OBJC_ROOT_CLASS = YES_ERROR;
				CLANG_WARN_UNREACHABLE_CODE = YES;
				CLANG_WARN__DUPLICATE_METHOD_MATCH = YES;
				"CODE_SIGN_IDENTITY[sdk=iphoneos*]" = "iPhone Developer";
				COPY_PHASE_STRIP = NO;
				DEBUG_INFORMATION_FORMAT = "dwarf-with-dsym";
				ENABLE_NS_ASSERTIONS = NO;
				ENABLE_STRICT_OBJC_MSGSEND = YES;
				GCC_C_LANGUAGE_STANDARD = gnu99;
				GCC_NO_COMMON_BLOCKS = YES;
				GCC_WARN_64_TO_32_BIT_CONVERSION = YES;
				GCC_WARN_ABOUT_RETURN_TYPE = YES_ERROR;
				GCC_WARN_UNDECLARED_SELECTOR = YES;
				GCC_WARN_UNINITIALIZED_AUTOS = YES_AGGRESSIVE;
				GCC_WARN_UNUSED_FUNCTION = YES;
				GCC_WARN_UNUSED_VARIABLE = YES;
				IPHONEOS_DEPLOYMENT_TARGET = 8.4;
				MTL_ENABLE_DEBUG_INFO = NO;
				SDKROOT = iphoneos;
				VALIDATE_PRODUCT = YES;
			};
			name = Release;
		};
		EB4258B81B97EC5000AABAB9 /* Debug */ = {
			isa = XCBuildConfiguration;
			buildSettings = {
				ASSETCATALOG_COMPILER_APPICON_NAME = AppIcon;
				CODE_SIGN_IDENTITY = "iPhone Developer";
				INFOPLIST_FILE = SparkView/Info.plist;
				IPHONEOS_DEPLOYMENT_TARGET = 8.4;
				LD_RUNPATH_SEARCH_PATHS = "$(inherited) @executable_path/Frameworks";
				PRODUCT_BUNDLE_IDENTIFIER = edu.self.SparkView;
				PRODUCT_NAME = "$(TARGET_NAME)";
			};
			name = Debug;
		};
		EB4258B91B97EC5000AABAB9 /* Release */ = {
			isa = XCBuildConfiguration;
			buildSettings = {
				ASSETCATALOG_COMPILER_APPICON_NAME = AppIcon;
				CODE_SIGN_IDENTITY = "iPhone Developer";
				INFOPLIST_FILE = SparkView/Info.plist;
				IPHONEOS_DEPLOYMENT_TARGET = 8.4;
				LD_RUNPATH_SEARCH_PATHS = "$(inherited) @executable_path/Frameworks";
				PRODUCT_BUNDLE_IDENTIFIER = edu.self.SparkView;
				PRODUCT_NAME = "$(TARGET_NAME)";
			};
			name = Release;
		};
/* End XCBuildConfiguration section */

/* Begin XCConfigurationList section */
		EB4258A01B97EC5000AABAB9 /* Build configuration list for PBXProject "SparkView" */ = {
			isa = XCConfigurationList;
			buildConfigurations = (
				EB4258B51B97EC5000AABAB9 /* Debug */,
				EB4258B61B97EC5000AABAB9 /* Release */,
			);
			defaultConfigurationIsVisible = 0;
			defaultConfigurationName = Release;
		};
		EB4258B71B97EC5000AABAB9 /* Build configuration list for PBXNativeTarget "SparkView" */ = {
			isa = XCConfigurationList;
			buildConfigurations = (
				EB4258B81B97EC5000AABAB9 /* Debug */,
				EB4258B91B97EC5000AABAB9 /* Release */,
			);
			defaultConfigurationIsVisible = 0;
			defaultConfigurationName = Release;
		};
/* End XCConfigurationList section */
	};
	rootObject = EB42589D1B97EC5000AABAB9 /* Project object */;
}
